
Microsoft Visual Studio Solution File, Format Version 12.00
# Visual Studio Version 16
VisualStudioVersion = 16.0.31205.134
MinimumVisualStudioVersion = 10.0.40219.1
Project("{FAE04EC0-301F-11D3-BF4B-00C04F79EFBC}") = "Asp.NETMVCCRUD", "Asp.NETMVCCRUD\Asp.NETMVCCRUD.csproj", "{4D55EE3A-A7C6-4798-AC7C-4DE27A8D0E10}"
EndProject
Global
	GlobalSection(SolutionConfigurationPlatforms) = preSolution
		Debug|Any CPU = Debug|Any CPU
		Release|Any CPU = Release|Any CPU
	EndGlobalSection
	GlobalSection(ProjectConfigurationPlatforms) = postSolution
		{4D55EE3A-A7C6-4798-AC7C-4DE27A8D0E10}.Debug|Any CPU.ActiveCfg = Debug|Any CPU
		{4D55EE3A-A7C6-4798-AC7C-4DE27A8D0E10}.Debug|Any CPU.Build.0 = Debug|Any CPU
		{4D55EE3A-A7C6-4798-AC7C-4DE27A8D0E10}.Release|Any CPU.ActiveCfg = Release|Any CPU
		{4D55EE3A-A7C6-4798-AC7C-4DE27A8D0E10}.Release|Any CPU.Build.0 = Release|Any CPU
	EndGlobalSection
	GlobalSection(SolutionProperties) = preSolution
		HideSolutionNode = FALSE
	EndGlobalSection
	GlobalSection(ExtensibilityGlobals) = postSolution
		SolutionGuid = {496622C5-72A8-4E71-9472-B8D2D04F6FAB}
	EndGlobalSection
EndGlobal
